// !$*UTF8*$!
{
	archiveVersion = 1;
	classes = {
	};
	objectVersion = 55;
	objects = {

/* Begin PBXBuildFile section */
		92CB4F793F6F98BCE03E9D67 /* Pods_yorustagram_yorustagramUITests.framework in Frameworks */ = {isa = PBXBuildFile; fileRef = D501003621C8195BC59D1A50 /* Pods_yorustagram_yorustagramUITests.framework */; };
		ADA7EF9227EB19930056863A /* GoogleService-Info.plist in Resources */ = {isa = PBXBuildFile; fileRef = ADA7EF9127EB19930056863A /* GoogleService-Info.plist */; };
		ADE779DC27EAA66000A19B48 /* PostViewController.swift in Sources */ = {isa = PBXBuildFile; fileRef = ADE779DB27EAA66000A19B48 /* PostViewController.swift */; };
		ADE779DE27EAA67900A19B48 /* EditiProfileViewController.swift in Sources */ = {isa = PBXBuildFile; fileRef = ADE779DD27EAA67900A19B48 /* EditiProfileViewController.swift */; };
		ADE779E027EAA68800A19B48 /* SettingViewController.swift in Sources */ = {isa = PBXBuildFile; fileRef = ADE779DF27EAA68700A19B48 /* SettingViewController.swift */; };
		ADE779E227EAA69300A19B48 /* ListViewController.swift in Sources */ = {isa = PBXBuildFile; fileRef = ADE779E127EAA69300A19B48 /* ListViewController.swift */; };
		ADE779E427EAA69B00A19B48 /* SearchViewController.swift in Sources */ = {isa = PBXBuildFile; fileRef = ADE779E327EAA69B00A19B48 /* SearchViewController.swift */; };
		ADE779E627EAA6A800A19B48 /* SearchResultViewController.swift in Sources */ = {isa = PBXBuildFile; fileRef = ADE779E527EAA6A800A19B48 /* SearchResultViewController.swift */; };
		ADE779E827EAA6B600A19B48 /* PostEditorViewController.swift in Sources */ = {isa = PBXBuildFile; fileRef = ADE779E727EAA6B600A19B48 /* PostEditorViewController.swift */; };
		ADE779EA27EAA6C600A19B48 /* PublishPostViewController.swift in Sources */ = {isa = PBXBuildFile; fileRef = ADE779E927EAA6C600A19B48 /* PublishPostViewController.swift */; };
		ADE779ED27EAAE2400A19B48 /* DatabaseManager.swift in Sources */ = {isa = PBXBuildFile; fileRef = ADE779EC27EAAE2400A19B48 /* DatabaseManager.swift */; };
		ADE779EF27EAAEE900A19B48 /* AuthManager.swift in Sources */ = {isa = PBXBuildFile; fileRef = ADE779EE27EAAEE900A19B48 /* AuthManager.swift */; };
		ADE779F127EAAF9D00A19B48 /* StorageManager.swift in Sources */ = {isa = PBXBuildFile; fileRef = ADE779F027EAAF9D00A19B48 /* StorageManager.swift */; };
		ADE779F327EAB5ED00A19B48 /* Extensions.swift in Sources */ = {isa = PBXBuildFile; fileRef = ADE779F227EAB5ED00A19B48 /* Extensions.swift */; };
		ADEF3EF327E9CF8E00CA99DD /* AppDelegate.swift in Sources */ = {isa = PBXBuildFile; fileRef = ADEF3EF227E9CF8E00CA99DD /* AppDelegate.swift */; };
		ADEF3EF527E9CF8E00CA99DD /* SceneDelegate.swift in Sources */ = {isa = PBXBuildFile; fileRef = ADEF3EF427E9CF8E00CA99DD /* SceneDelegate.swift */; };
		ADEF3EF727E9CF8E00CA99DD /* HomeViewController.swift in Sources */ = {isa = PBXBuildFile; fileRef = ADEF3EF627E9CF8E00CA99DD /* HomeViewController.swift */; };
		ADEF3EFA27E9CF8E00CA99DD /* Main.storyboard in Resources */ = {isa = PBXBuildFile; fileRef = ADEF3EF827E9CF8E00CA99DD /* Main.storyboard */; };
		ADEF3EFC27E9CF9200CA99DD /* Assets.xcassets in Resources */ = {isa = PBXBuildFile; fileRef = ADEF3EFB27E9CF9200CA99DD /* Assets.xcassets */; };
		ADEF3EFF27E9CF9200CA99DD /* LaunchScreen.storyboard in Resources */ = {isa = PBXBuildFile; fileRef = ADEF3EFD27E9CF9200CA99DD /* LaunchScreen.storyboard */; };
		ADEF3F0A27E9CF9300CA99DD /* yorustagramTests.swift in Sources */ = {isa = PBXBuildFile; fileRef = ADEF3F0927E9CF9300CA99DD /* yorustagramTests.swift */; };
		ADEF3F1427E9CF9300CA99DD /* yorustagramUITests.swift in Sources */ = {isa = PBXBuildFile; fileRef = ADEF3F1327E9CF9300CA99DD /* yorustagramUITests.swift */; };
		ADEF3F1627E9CF9300CA99DD /* yorustagramUITestsLaunchTests.swift in Sources */ = {isa = PBXBuildFile; fileRef = ADEF3F1527E9CF9300CA99DD /* yorustagramUITestsLaunchTests.swift */; };
		ADEF3F2A27E9D0D900CA99DD /* NotificationViewController.swift in Sources */ = {isa = PBXBuildFile; fileRef = ADEF3F2927E9D0D900CA99DD /* NotificationViewController.swift */; };
		ADEF3F2C27E9D0E600CA99DD /* CameraViewController.swift in Sources */ = {isa = PBXBuildFile; fileRef = ADEF3F2B27E9D0E600CA99DD /* CameraViewController.swift */; };
		ADEF3F2E27E9D0F500CA99DD /* ProfileViewController.swift in Sources */ = {isa = PBXBuildFile; fileRef = ADEF3F2D27E9D0F500CA99DD /* ProfileViewController.swift */; };
		ADEF3F3027E9D10300CA99DD /* ExploreViewController.swift in Sources */ = {isa = PBXBuildFile; fileRef = ADEF3F2F27E9D10300CA99DD /* ExploreViewController.swift */; };
		ADEF3F3327E9D13800CA99DD /* LoginViewController.swift in Sources */ = {isa = PBXBuildFile; fileRef = ADEF3F3227E9D13800CA99DD /* LoginViewController.swift */; };
		ADEF3F3527E9D15300CA99DD /* RegistrationViewController.swift in Sources */ = {isa = PBXBuildFile; fileRef = ADEF3F3427E9D15300CA99DD /* RegistrationViewController.swift */; };
		BDB0DD1043E898F17841DAD4 /* Pods_yorustagram.framework in Frameworks */ = {isa = PBXBuildFile; fileRef = F7C59107B26B4BF20D7AB2B6 /* Pods_yorustagram.framework */; };
		FA13D7A73B3EC5860218654B /* Pods_yorustagramTests.framework in Frameworks */ = {isa = PBXBuildFile; fileRef = 5F6F220272C91631C39325D6 /* Pods_yorustagramTests.framework */; };
/* End PBXBuildFile section */

/* Begin PBXContainerItemProxy section */
		ADEF3F0627E9CF9300CA99DD /* PBXContainerItemProxy */ = {
			isa = PBXContainerItemProxy;
			containerPortal = ADEF3EE727E9CF8E00CA99DD /* Project object */;
			proxyType = 1;
			remoteGlobalIDString = ADEF3EEE27E9CF8E00CA99DD;
			remoteInfo = yorustagram;
		};
		ADEF3F1027E9CF9300CA99DD /* PBXContainerItemProxy */ = {
			isa = PBXContainerItemProxy;
			containerPortal = ADEF3EE727E9CF8E00CA99DD /* Project object */;
			proxyType = 1;
			remoteGlobalIDString = ADEF3EEE27E9CF8E00CA99DD;
			remoteInfo = yorustagram;
		};
/* End PBXContainerItemProxy section */

/* Begin PBXFileReference section */
		27DBAA866AAECA247CD7BF11 /* Pods-yorustagram-yorustagramUITests.release.xcconfig */ = {isa = PBXFileReference; includeInIndex = 1; lastKnownFileType = text.xcconfig; name = "Pods-yorustagram-yorustagramUITests.release.xcconfig"; path = "Target Support Files/Pods-yorustagram-yorustagramUITests/Pods-yorustagram-yorustagramUITests.release.xcconfig"; sourceTree = "<group>"; };
		418C7DFBCE8F4E9D9FC8872C /* Pods-yorustagramTests.release.xcconfig */ = {isa = PBXFileReference; includeInIndex = 1; lastKnownFileType = text.xcconfig; name = "Pods-yorustagramTests.release.xcconfig"; path = "Target Support Files/Pods-yorustagramTests/Pods-yorustagramTests.release.xcconfig"; sourceTree = "<group>"; };
		42530298E7C24676723D0115 /* Pods-yorustagramTests.debug.xcconfig */ = {isa = PBXFileReference; includeInIndex = 1; lastKnownFileType = text.xcconfig; name = "Pods-yorustagramTests.debug.xcconfig"; path = "Target Support Files/Pods-yorustagramTests/Pods-yorustagramTests.debug.xcconfig"; sourceTree = "<group>"; };
		5713719423FBE9DFCB510434 /* Pods-yorustagram.release.xcconfig */ = {isa = PBXFileReference; includeInIndex = 1; lastKnownFileType = text.xcconfig; name = "Pods-yorustagram.release.xcconfig"; path = "Target Support Files/Pods-yorustagram/Pods-yorustagram.release.xcconfig"; sourceTree = "<group>"; };
		5F6F220272C91631C39325D6 /* Pods_yorustagramTests.framework */ = {isa = PBXFileReference; explicitFileType = wrapper.framework; includeInIndex = 0; path = Pods_yorustagramTests.framework; sourceTree = BUILT_PRODUCTS_DIR; };
		6CD9FC62BB1969F2B41A9521 /* Pods-yorustagram.debug.xcconfig */ = {isa = PBXFileReference; includeInIndex = 1; lastKnownFileType = text.xcconfig; name = "Pods-yorustagram.debug.xcconfig"; path = "Target Support Files/Pods-yorustagram/Pods-yorustagram.debug.xcconfig"; sourceTree = "<group>"; };
		ADA7EF9127EB19930056863A /* GoogleService-Info.plist */ = {isa = PBXFileReference; fileEncoding = 4; lastKnownFileType = text.plist.xml; path = "GoogleService-Info.plist"; sourceTree = "<group>"; };
		ADE779DB27EAA66000A19B48 /* PostViewController.swift */ = {isa = PBXFileReference; lastKnownFileType = sourcecode.swift; path = PostViewController.swift; sourceTree = "<group>"; };
		ADE779DD27EAA67900A19B48 /* EditiProfileViewController.swift */ = {isa = PBXFileReference; lastKnownFileType = sourcecode.swift; path = EditiProfileViewController.swift; sourceTree = "<group>"; };
		ADE779DF27EAA68700A19B48 /* SettingViewController.swift */ = {isa = PBXFileReference; lastKnownFileType = sourcecode.swift; path = SettingViewController.swift; sourceTree = "<group>"; };
		ADE779E127EAA69300A19B48 /* ListViewController.swift */ = {isa = PBXFileReference; lastKnownFileType = sourcecode.swift; path = ListViewController.swift; sourceTree = "<group>"; };
		ADE779E327EAA69B00A19B48 /* SearchViewController.swift */ = {isa = PBXFileReference; lastKnownFileType = sourcecode.swift; path = SearchViewController.swift; sourceTree = "<group>"; };
		ADE779E527EAA6A800A19B48 /* SearchResultViewController.swift */ = {isa = PBXFileReference; lastKnownFileType = sourcecode.swift; path = SearchResultViewController.swift; sourceTree = "<group>"; };
		ADE779E727EAA6B600A19B48 /* PostEditorViewController.swift */ = {isa = PBXFileReference; lastKnownFileType = sourcecode.swift; path = PostEditorViewController.swift; sourceTree = "<group>"; };
		ADE779E927EAA6C600A19B48 /* PublishPostViewController.swift */ = {isa = PBXFileReference; lastKnownFileType = sourcecode.swift; path = PublishPostViewController.swift; sourceTree = "<group>"; };
		ADE779EC27EAAE2400A19B48 /* DatabaseManager.swift */ = {isa = PBXFileReference; lastKnownFileType = sourcecode.swift; path = DatabaseManager.swift; sourceTree = "<group>"; };
		ADE779EE27EAAEE900A19B48 /* AuthManager.swift */ = {isa = PBXFileReference; lastKnownFileType = sourcecode.swift; path = AuthManager.swift; sourceTree = "<group>"; };
		ADE779F027EAAF9D00A19B48 /* StorageManager.swift */ = {isa = PBXFileReference; lastKnownFileType = sourcecode.swift; path = StorageManager.swift; sourceTree = "<group>"; };
		ADE779F227EAB5ED00A19B48 /* Extensions.swift */ = {isa = PBXFileReference; lastKnownFileType = sourcecode.swift; path = Extensions.swift; sourceTree = "<group>"; };
		ADEF3EEF27E9CF8E00CA99DD /* yorustagram.app */ = {isa = PBXFileReference; explicitFileType = wrapper.application; includeInIndex = 0; path = yorustagram.app; sourceTree = BUILT_PRODUCTS_DIR; };
		ADEF3EF227E9CF8E00CA99DD /* AppDelegate.swift */ = {isa = PBXFileReference; lastKnownFileType = sourcecode.swift; path = AppDelegate.swift; sourceTree = "<group>"; };
		ADEF3EF427E9CF8E00CA99DD /* SceneDelegate.swift */ = {isa = PBXFileReference; lastKnownFileType = sourcecode.swift; path = SceneDelegate.swift; sourceTree = "<group>"; };
		ADEF3EF627E9CF8E00CA99DD /* HomeViewController.swift */ = {isa = PBXFileReference; lastKnownFileType = sourcecode.swift; path = HomeViewController.swift; sourceTree = "<group>"; };
		ADEF3EF927E9CF8E00CA99DD /* Base */ = {isa = PBXFileReference; lastKnownFileType = file.storyboard; name = Base; path = Base.lproj/Main.storyboard; sourceTree = "<group>"; };
		ADEF3EFB27E9CF9200CA99DD /* Assets.xcassets */ = {isa = PBXFileReference; lastKnownFileType = folder.assetcatalog; path = Assets.xcassets; sourceTree = "<group>"; };
		ADEF3EFE27E9CF9200CA99DD /* Base */ = {isa = PBXFileReference; lastKnownFileType = file.storyboard; name = Base; path = Base.lproj/LaunchScreen.storyboard; sourceTree = "<group>"; };
		ADEF3F0027E9CF9200CA99DD /* Info.plist */ = {isa = PBXFileReference; lastKnownFileType = text.plist.xml; path = Info.plist; sourceTree = "<group>"; };
		ADEF3F0527E9CF9300CA99DD /* yorustagramTests.xctest */ = {isa = PBXFileReference; explicitFileType = wrapper.cfbundle; includeInIndex = 0; path = yorustagramTests.xctest; sourceTree = BUILT_PRODUCTS_DIR; };
		ADEF3F0927E9CF9300CA99DD /* yorustagramTests.swift */ = {isa = PBXFileReference; lastKnownFileType = sourcecode.swift; path = yorustagramTests.swift; sourceTree = "<group>"; };
		ADEF3F0F27E9CF9300CA99DD /* yorustagramUITests.xctest */ = {isa = PBXFileReference; explicitFileType = wrapper.cfbundle; includeInIndex = 0; path = yorustagramUITests.xctest; sourceTree = BUILT_PRODUCTS_DIR; };
		ADEF3F1327E9CF9300CA99DD /* yorustagramUITests.swift */ = {isa = PBXFileReference; lastKnownFileType = sourcecode.swift; path = yorustagramUITests.swift; sourceTree = "<group>"; };
		ADEF3F1527E9CF9300CA99DD /* yorustagramUITestsLaunchTests.swift */ = {isa = PBXFileReference; lastKnownFileType = sourcecode.swift; path = yorustagramUITestsLaunchTests.swift; sourceTree = "<group>"; };
		ADEF3F2927E9D0D900CA99DD /* NotificationViewController.swift */ = {isa = PBXFileReference; lastKnownFileType = sourcecode.swift; path = NotificationViewController.swift; sourceTree = "<group>"; };
		ADEF3F2B27E9D0E600CA99DD /* CameraViewController.swift */ = {isa = PBXFileReference; lastKnownFileType = sourcecode.swift; path = CameraViewController.swift; sourceTree = "<group>"; };
		ADEF3F2D27E9D0F500CA99DD /* ProfileViewController.swift */ = {isa = PBXFileReference; lastKnownFileType = sourcecode.swift; path = ProfileViewController.swift; sourceTree = "<group>"; };
		ADEF3F2F27E9D10300CA99DD /* ExploreViewController.swift */ = {isa = PBXFileReference; lastKnownFileType = sourcecode.swift; path = ExploreViewController.swift; sourceTree = "<group>"; };
		ADEF3F3227E9D13800CA99DD /* LoginViewController.swift */ = {isa = PBXFileReference; lastKnownFileType = sourcecode.swift; path = LoginViewController.swift; sourceTree = "<group>"; };
		ADEF3F3427E9D15300CA99DD /* RegistrationViewController.swift */ = {isa = PBXFileReference; lastKnownFileType = sourcecode.swift; path = RegistrationViewController.swift; sourceTree = "<group>"; };
		BADB9A33AEE90999C9AE8D90 /* Pods-yorustagram-yorustagramUITests.debug.xcconfig */ = {isa = PBXFileReference; includeInIndex = 1; lastKnownFileType = text.xcconfig; name = "Pods-yorustagram-yorustagramUITests.debug.xcconfig"; path = "Target Support Files/Pods-yorustagram-yorustagramUITests/Pods-yorustagram-yorustagramUITests.debug.xcconfig"; sourceTree = "<group>"; };
		D501003621C8195BC59D1A50 /* Pods_yorustagram_yorustagramUITests.framework */ = {isa = PBXFileReference; explicitFileType = wrapper.framework; includeInIndex = 0; path = Pods_yorustagram_yorustagramUITests.framework; sourceTree = BUILT_PRODUCTS_DIR; };
		F7C59107B26B4BF20D7AB2B6 /* Pods_yorustagram.framework */ = {isa = PBXFileReference; explicitFileType = wrapper.framework; includeInIndex = 0; path = Pods_yorustagram.framework; sourceTree = BUILT_PRODUCTS_DIR; };
/* End PBXFileReference section */

/* Begin PBXFrameworksBuildPhase section */
		ADEF3EEC27E9CF8E00CA99DD /* Frameworks */ = {
			isa = PBXFrameworksBuildPhase;
			buildActionMask = 2147483647;
			files = (
				BDB0DD1043E898F17841DAD4 /* Pods_yorustagram.framework in Frameworks */,
			);
			runOnlyForDeploymentPostprocessing = 0;
		};
		ADEF3F0227E9CF9300CA99DD /* Frameworks */ = {
			isa = PBXFrameworksBuildPhase;
			buildActionMask = 2147483647;
			files = (
				FA13D7A73B3EC5860218654B /* Pods_yorustagramTests.framework in Frameworks */,
			);
			runOnlyForDeploymentPostprocessing = 0;
		};
		ADEF3F0C27E9CF9300CA99DD /* Frameworks */ = {
			isa = PBXFrameworksBuildPhase;
			buildActionMask = 2147483647;
			files = (
				92CB4F793F6F98BCE03E9D67 /* Pods_yorustagram_yorustagramUITests.framework in Frameworks */,
			);
			runOnlyForDeploymentPostprocessing = 0;
		};
/* End PBXFrameworksBuildPhase section */

/* Begin PBXGroup section */
		08A7E83F720CEB81A25C9B5C /* Pods */ = {
			isa = PBXGroup;
			children = (
				6CD9FC62BB1969F2B41A9521 /* Pods-yorustagram.debug.xcconfig */,
				5713719423FBE9DFCB510434 /* Pods-yorustagram.release.xcconfig */,
				BADB9A33AEE90999C9AE8D90 /* Pods-yorustagram-yorustagramUITests.debug.xcconfig */,
				27DBAA866AAECA247CD7BF11 /* Pods-yorustagram-yorustagramUITests.release.xcconfig */,
				42530298E7C24676723D0115 /* Pods-yorustagramTests.debug.xcconfig */,
				418C7DFBCE8F4E9D9FC8872C /* Pods-yorustagramTests.release.xcconfig */,
			);
			path = Pods;
			sourceTree = "<group>";
		};
		ADE779DA27EAA64300A19B48 /* Onboarding */ = {
			isa = PBXGroup;
			children = (
				ADEF3F3427E9D15300CA99DD /* RegistrationViewController.swift */,
				ADEF3F3227E9D13800CA99DD /* LoginViewController.swift */,
			);
			path = Onboarding;
			sourceTree = "<group>";
		};
		ADE779EB27EAACEB00A19B48 /* General */ = {
			isa = PBXGroup;
			children = (
				ADE779DB27EAA66000A19B48 /* PostViewController.swift */,
				ADE779DD27EAA67900A19B48 /* EditiProfileViewController.swift */,
				ADE779DF27EAA68700A19B48 /* SettingViewController.swift */,
				ADE779E127EAA69300A19B48 /* ListViewController.swift */,
				ADE779E327EAA69B00A19B48 /* SearchViewController.swift */,
				ADE779E527EAA6A800A19B48 /* SearchResultViewController.swift */,
				ADE779E727EAA6B600A19B48 /* PostEditorViewController.swift */,
				ADE779E927EAA6C600A19B48 /* PublishPostViewController.swift */,
			);
			path = General;
			sourceTree = "<group>";
		};
		ADEF3EE627E9CF8E00CA99DD = {
			isa = PBXGroup;
			children = (
				ADEF3EF127E9CF8E00CA99DD /* yorustagram */,
				ADEF3F0827E9CF9300CA99DD /* yorustagramTests */,
				ADEF3F1227E9CF9300CA99DD /* yorustagramUITests */,
				ADEF3EF027E9CF8E00CA99DD /* Products */,
				08A7E83F720CEB81A25C9B5C /* Pods */,
				B5EABF1DEA1DC73B9A43988B /* Frameworks */,
			);
			sourceTree = "<group>";
		};
		ADEF3EF027E9CF8E00CA99DD /* Products */ = {
			isa = PBXGroup;
			children = (
				ADEF3EEF27E9CF8E00CA99DD /* yorustagram.app */,
				ADEF3F0527E9CF9300CA99DD /* yorustagramTests.xctest */,
				ADEF3F0F27E9CF9300CA99DD /* yorustagramUITests.xctest */,
			);
			name = Products;
			sourceTree = "<group>";
		};
		ADEF3EF127E9CF8E00CA99DD /* yorustagram */ = {
			isa = PBXGroup;
			children = (
				ADEF3F2527E9D02800CA99DD /* Views */,
				ADEF3F2427E9D01D00CA99DD /* Resources */,
				ADEF3F2327E9D01700CA99DD /* Models */,
				ADEF3F2227E9D00E00CA99DD /* Controllers */,
				ADEF3F0027E9CF9200CA99DD /* Info.plist */,
			);
			path = yorustagram;
			sourceTree = "<group>";
		};
		ADEF3F0827E9CF9300CA99DD /* yorustagramTests */ = {
			isa = PBXGroup;
			children = (
				ADEF3F0927E9CF9300CA99DD /* yorustagramTests.swift */,
			);
			path = yorustagramTests;
			sourceTree = "<group>";
		};
		ADEF3F1227E9CF9300CA99DD /* yorustagramUITests */ = {
			isa = PBXGroup;
			children = (
				ADEF3F1327E9CF9300CA99DD /* yorustagramUITests.swift */,
				ADEF3F1527E9CF9300CA99DD /* yorustagramUITestsLaunchTests.swift */,
			);
			path = yorustagramUITests;
			sourceTree = "<group>";
		};
		ADEF3F2227E9D00E00CA99DD /* Controllers */ = {
			isa = PBXGroup;
			children = (
				ADEF3F3127E9D12B00CA99DD /* Others */,
				ADEF3F2627E9D04000CA99DD /* Core Tabs */,
			);
			path = Controllers;
			sourceTree = "<group>";
		};
		ADEF3F2327E9D01700CA99DD /* Models */ = {
			isa = PBXGroup;
			children = (
			);
			path = Models;
			sourceTree = "<group>";
		};
		ADEF3F2427E9D01D00CA99DD /* Resources */ = {
			isa = PBXGroup;
			children = (
				ADA7EF9127EB19930056863A /* GoogleService-Info.plist */,
				ADEF3EF227E9CF8E00CA99DD /* AppDelegate.swift */,
				ADEF3EF427E9CF8E00CA99DD /* SceneDelegate.swift */,
				ADE779EC27EAAE2400A19B48 /* DatabaseManager.swift */,
				ADE779EE27EAAEE900A19B48 /* AuthManager.swift */,
				ADE779F027EAAF9D00A19B48 /* StorageManager.swift */,
				ADE779F227EAB5ED00A19B48 /* Extensions.swift */,
			);
			path = Resources;
			sourceTree = "<group>";
		};
		ADEF3F2527E9D02800CA99DD /* Views */ = {
			isa = PBXGroup;
			children = (
				ADEF3F2827E9D0BE00CA99DD /* Storyboards */,
				ADEF3EFB27E9CF9200CA99DD /* Assets.xcassets */,
			);
			path = Views;
			sourceTree = "<group>";
		};
		ADEF3F2627E9D04000CA99DD /* Core Tabs */ = {
			isa = PBXGroup;
			children = (
				ADEF3EF627E9CF8E00CA99DD /* HomeViewController.swift */,
				ADEF3F2927E9D0D900CA99DD /* NotificationViewController.swift */,
				ADEF3F2B27E9D0E600CA99DD /* CameraViewController.swift */,
				ADEF3F2D27E9D0F500CA99DD /* ProfileViewController.swift */,
				ADEF3F2F27E9D10300CA99DD /* ExploreViewController.swift */,
			);
			path = "Core Tabs";
			sourceTree = "<group>";
		};
		ADEF3F2827E9D0BE00CA99DD /* Storyboards */ = {
			isa = PBXGroup;
			children = (
				ADEF3EF827E9CF8E00CA99DD /* Main.storyboard */,
				ADEF3EFD27E9CF9200CA99DD /* LaunchScreen.storyboard */,
			);
			path = Storyboards;
			sourceTree = "<group>";
		};
		ADEF3F3127E9D12B00CA99DD /* Others */ = {
			isa = PBXGroup;
			children = (
				ADE779EB27EAACEB00A19B48 /* General */,
				ADE779DA27EAA64300A19B48 /* Onboarding */,
			);
			path = Others;
			sourceTree = "<group>";
		};
		B5EABF1DEA1DC73B9A43988B /* Frameworks */ = {
			isa = PBXGroup;
			children = (
				F7C59107B26B4BF20D7AB2B6 /* Pods_yorustagram.framework */,
				D501003621C8195BC59D1A50 /* Pods_yorustagram_yorustagramUITests.framework */,
				5F6F220272C91631C39325D6 /* Pods_yorustagramTests.framework */,
			);
			name = Frameworks;
			sourceTree = "<group>";
		};
/* End PBXGroup section */

/* Begin PBXNativeTarget section */
		ADEF3EEE27E9CF8E00CA99DD /* yorustagram */ = {
			isa = PBXNativeTarget;
			buildConfigurationList = ADEF3F1927E9CF9300CA99DD /* Build configuration list for PBXNativeTarget "yorustagram" */;
			buildPhases = (
				3F716BED5F14589D49FBEF71 /* [CP] Check Pods Manifest.lock */,
				ADEF3EEB27E9CF8E00CA99DD /* Sources */,
				ADEF3EEC27E9CF8E00CA99DD /* Frameworks */,
				ADEF3EED27E9CF8E00CA99DD /* Resources */,
				934847E8CAACDBC06EA28210 /* [CP] Embed Pods Frameworks */,
			);
			buildRules = (
			);
			dependencies = (
			);
			name = yorustagram;
			productName = yorustagram;
			productReference = ADEF3EEF27E9CF8E00CA99DD /* yorustagram.app */;
			productType = "com.apple.product-type.application";
		};
		ADEF3F0427E9CF9300CA99DD /* yorustagramTests */ = {
			isa = PBXNativeTarget;
			buildConfigurationList = ADEF3F1C27E9CF9300CA99DD /* Build configuration list for PBXNativeTarget "yorustagramTests" */;
			buildPhases = (
				AC6578E32A290697E25B80C2 /* [CP] Check Pods Manifest.lock */,
				ADEF3F0127E9CF9300CA99DD /* Sources */,
				ADEF3F0227E9CF9300CA99DD /* Frameworks */,
				ADEF3F0327E9CF9300CA99DD /* Resources */,
			);
			buildRules = (
			);
			dependencies = (
				ADEF3F0727E9CF9300CA99DD /* PBXTargetDependency */,
			);
			name = yorustagramTests;
			productName = yorustagramTests;
			productReference = ADEF3F0527E9CF9300CA99DD /* yorustagramTests.xctest */;
			productType = "com.apple.product-type.bundle.unit-test";
		};
		ADEF3F0E27E9CF9300CA99DD /* yorustagramUITests */ = {
			isa = PBXNativeTarget;
			buildConfigurationList = ADEF3F1F27E9CF9300CA99DD /* Build configuration list for PBXNativeTarget "yorustagramUITests" */;
			buildPhases = (
				213E77BFC592AA9B3C2BFE43 /* [CP] Check Pods Manifest.lock */,
				ADEF3F0B27E9CF9300CA99DD /* Sources */,
				ADEF3F0C27E9CF9300CA99DD /* Frameworks */,
				ADEF3F0D27E9CF9300CA99DD /* Resources */,
				5D2EC639C18E60F739E2848A /* [CP] Embed Pods Frameworks */,
			);
			buildRules = (
			);
			dependencies = (
				ADEF3F1127E9CF9300CA99DD /* PBXTargetDependency */,
			);
			name = yorustagramUITests;
			productName = yorustagramUITests;
			productReference = ADEF3F0F27E9CF9300CA99DD /* yorustagramUITests.xctest */;
			productType = "com.apple.product-type.bundle.ui-testing";
		};
/* End PBXNativeTarget section */

/* Begin PBXProject section */
		ADEF3EE727E9CF8E00CA99DD /* Project object */ = {
			isa = PBXProject;
			attributes = {
				BuildIndependentTargetsInParallel = 1;
				LastSwiftUpdateCheck = 1310;
				LastUpgradeCheck = 1310;
				TargetAttributes = {
					ADEF3EEE27E9CF8E00CA99DD = {
						CreatedOnToolsVersion = 13.1;
					};
					ADEF3F0427E9CF9300CA99DD = {
						CreatedOnToolsVersion = 13.1;
						TestTargetID = ADEF3EEE27E9CF8E00CA99DD;
					};
					ADEF3F0E27E9CF9300CA99DD = {
						CreatedOnToolsVersion = 13.1;
						TestTargetID = ADEF3EEE27E9CF8E00CA99DD;
					};
				};
			};
			buildConfigurationList = ADEF3EEA27E9CF8E00CA99DD /* Build configuration list for PBXProject "yorustagram" */;
			compatibilityVersion = "Xcode 13.0";
			developmentRegion = en;
			hasScannedForEncodings = 0;
			knownRegions = (
				en,
				Base,
			);
			mainGroup = ADEF3EE627E9CF8E00CA99DD;
			productRefGroup = ADEF3EF027E9CF8E00CA99DD /* Products */;
			projectDirPath = "";
			projectRoot = "";
			targets = (
				ADEF3EEE27E9CF8E00CA99DD /* yorustagram */,
				ADEF3F0427E9CF9300CA99DD /* yorustagramTests */,
				ADEF3F0E27E9CF9300CA99DD /* yorustagramUITests */,
			);
		};
/* End PBXProject section */

/* Begin PBXResourcesBuildPhase section */
		ADEF3EED27E9CF8E00CA99DD /* Resources */ = {
			isa = PBXResourcesBuildPhase;
			buildActionMask = 2147483647;
			files = (
				ADEF3EFF27E9CF9200CA99DD /* LaunchScreen.storyboard in Resources */,
				ADA7EF9227EB19930056863A /* GoogleService-Info.plist in Resources */,
				ADEF3EFC27E9CF9200CA99DD /* Assets.xcassets in Resources */,
				ADEF3EFA27E9CF8E00CA99DD /* Main.storyboard in Resources */,
			);
			runOnlyForDeploymentPostprocessing = 0;
		};
		ADEF3F0327E9CF9300CA99DD /* Resources */ = {
			isa = PBXResourcesBuildPhase;
			buildActionMask = 2147483647;
			files = (
			);
			runOnlyForDeploymentPostprocessing = 0;
		};
		ADEF3F0D27E9CF9300CA99DD /* Resources */ = {
			isa = PBXResourcesBuildPhase;
			buildActionMask = 2147483647;
			files = (
			);
			runOnlyForDeploymentPostprocessing = 0;
		};
/* End PBXResourcesBuildPhase section */

/* Begin PBXShellScriptBuildPhase section */
		213E77BFC592AA9B3C2BFE43 /* [CP] Check Pods Manifest.lock */ = {
			isa = PBXShellScriptBuildPhase;
			buildActionMask = 2147483647;
			files = (
			);
			inputFileListPaths = (
			);
			inputPaths = (
				"${PODS_PODFILE_DIR_PATH}/Podfile.lock",
				"${PODS_ROOT}/Manifest.lock",
			);
			name = "[CP] Check Pods Manifest.lock";
			outputFileListPaths = (
			);
			outputPaths = (
				"$(DERIVED_FILE_DIR)/Pods-yorustagram-yorustagramUITests-checkManifestLockResult.txt",
			);
			runOnlyForDeploymentPostprocessing = 0;
			shellPath = /bin/sh;
			shellScript = "diff \"${PODS_PODFILE_DIR_PATH}/Podfile.lock\" \"${PODS_ROOT}/Manifest.lock\" > /dev/null\nif [ $? != 0 ] ; then\n    # print error to STDERR\n    echo \"error: The sandbox is not in sync with the Podfile.lock. Run 'pod install' or update your CocoaPods installation.\" >&2\n    exit 1\nfi\n# This output is used by Xcode 'outputs' to avoid re-running this script phase.\necho \"SUCCESS\" > \"${SCRIPT_OUTPUT_FILE_0}\"\n";
			showEnvVarsInLog = 0;
		};
		3F716BED5F14589D49FBEF71 /* [CP] Check Pods Manifest.lock */ = {
			isa = PBXShellScriptBuildPhase;
			buildActionMask = 2147483647;
			files = (
			);
			inputFileListPaths = (
			);
			inputPaths = (
				"${PODS_PODFILE_DIR_PATH}/Podfile.lock",
				"${PODS_ROOT}/Manifest.lock",
			);
			name = "[CP] Check Pods Manifest.lock";
			outputFileListPaths = (
			);
			outputPaths = (
				"$(DERIVED_FILE_DIR)/Pods-yorustagram-checkManifestLockResult.txt",
			);
			runOnlyForDeploymentPostprocessing = 0;
			shellPath = /bin/sh;
			shellScript = "diff \"${PODS_PODFILE_DIR_PATH}/Podfile.lock\" \"${PODS_ROOT}/Manifest.lock\" > /dev/null\nif [ $? != 0 ] ; then\n    # print error to STDERR\n    echo \"error: The sandbox is not in sync with the Podfile.lock. Run 'pod install' or update your CocoaPods installation.\" >&2\n    exit 1\nfi\n# This output is used by Xcode 'outputs' to avoid re-running this script phase.\necho \"SUCCESS\" > \"${SCRIPT_OUTPUT_FILE_0}\"\n";
			showEnvVarsInLog = 0;
		};
		5D2EC639C18E60F739E2848A /* [CP] Embed Pods Frameworks */ = {
			isa = PBXShellScriptBuildPhase;
			buildActionMask = 2147483647;
			files = (
			);
			inputFileListPaths = (
				"${PODS_ROOT}/Target Support Files/Pods-yorustagram-yorustagramUITests/Pods-yorustagram-yorustagramUITests-frameworks-${CONFIGURATION}-input-files.xcfilelist",
			);
			name = "[CP] Embed Pods Frameworks";
			outputFileListPaths = (
				"${PODS_ROOT}/Target Support Files/Pods-yorustagram-yorustagramUITests/Pods-yorustagram-yorustagramUITests-frameworks-${CONFIGURATION}-output-files.xcfilelist",
			);
			runOnlyForDeploymentPostprocessing = 0;
			shellPath = /bin/sh;
			shellScript = "\"${PODS_ROOT}/Target Support Files/Pods-yorustagram-yorustagramUITests/Pods-yorustagram-yorustagramUITests-frameworks.sh\"\n";
			showEnvVarsInLog = 0;
		};
		934847E8CAACDBC06EA28210 /* [CP] Embed Pods Frameworks */ = {
			isa = PBXShellScriptBuildPhase;
			buildActionMask = 2147483647;
			files = (
			);
			inputFileListPaths = (
				"${PODS_ROOT}/Target Support Files/Pods-yorustagram/Pods-yorustagram-frameworks-${CONFIGURATION}-input-files.xcfilelist",
			);
			name = "[CP] Embed Pods Frameworks";
			outputFileListPaths = (
				"${PODS_ROOT}/Target Support Files/Pods-yorustagram/Pods-yorustagram-frameworks-${CONFIGURATION}-output-files.xcfilelist",
			);
			runOnlyForDeploymentPostprocessing = 0;
			shellPath = /bin/sh;
			shellScript = "\"${PODS_ROOT}/Target Support Files/Pods-yorustagram/Pods-yorustagram-frameworks.sh\"\n";
			showEnvVarsInLog = 0;
		};
		AC6578E32A290697E25B80C2 /* [CP] Check Pods Manifest.lock */ = {
			isa = PBXShellScriptBuildPhase;
			buildActionMask = 2147483647;
			files = (
			);
			inputFileListPaths = (
			);
			inputPaths = (
				"${PODS_PODFILE_DIR_PATH}/Podfile.lock",
				"${PODS_ROOT}/Manifest.lock",
			);
			name = "[CP] Check Pods Manifest.lock";
			outputFileListPaths = (
			);
			outputPaths = (
				"$(DERIVED_FILE_DIR)/Pods-yorustagramTests-checkManifestLockResult.txt",
			);
			runOnlyForDeploymentPostprocessing = 0;
			shellPath = /bin/sh;
			shellScript = "diff \"${PODS_PODFILE_DIR_PATH}/Podfile.lock\" \"${PODS_ROOT}/Manifest.lock\" > /dev/null\nif [ $? != 0 ] ; then\n    # print error to STDERR\n    echo \"error: The sandbox is not in sync with the Podfile.lock. Run 'pod install' or update your CocoaPods installation.\" >&2\n    exit 1\nfi\n# This output is used by Xcode 'outputs' to avoid re-running this script phase.\necho \"SUCCESS\" > \"${SCRIPT_OUTPUT_FILE_0}\"\n";
			showEnvVarsInLog = 0;
		};
/* End PBXShellScriptBuildPhase section */

/* Begin PBXSourcesBuildPhase section */
		ADEF3EEB27E9CF8E00CA99DD /* Sources */ = {
			isa = PBXSourcesBuildPhase;
			buildActionMask = 2147483647;
			files = (
				ADEF3F2E27E9D0F500CA99DD /* ProfileViewController.swift in Sources */,
				ADEF3EF727E9CF8E00CA99DD /* HomeViewController.swift in Sources */,
				ADE779EA27EAA6C600A19B48 /* PublishPostViewController.swift in Sources */,
				ADEF3F2C27E9D0E600CA99DD /* CameraViewController.swift in Sources */,
				ADEF3F3527E9D15300CA99DD /* RegistrationViewController.swift in Sources */,
				ADE779DC27EAA66000A19B48 /* PostViewController.swift in Sources */,
				ADE779E827EAA6B600A19B48 /* PostEditorViewController.swift in Sources */,
				ADE779F127EAAF9D00A19B48 /* StorageManager.swift in Sources */,
				ADEF3EF327E9CF8E00CA99DD /* AppDelegate.swift in Sources */,
				ADE779ED27EAAE2400A19B48 /* DatabaseManager.swift in Sources */,
				ADEF3F3327E9D13800CA99DD /* LoginViewController.swift in Sources */,
				ADE779E627EAA6A800A19B48 /* SearchResultViewController.swift in Sources */,
				ADE779DE27EAA67900A19B48 /* EditiProfileViewController.swift in Sources */,
				ADE779F327EAB5ED00A19B48 /* Extensions.swift in Sources */,
				ADE779E427EAA69B00A19B48 /* SearchViewController.swift in Sources */,
				ADEF3F2A27E9D0D900CA99DD /* NotificationViewController.swift in Sources */,
				ADE779EF27EAAEE900A19B48 /* AuthManager.swift in Sources */,
				ADEF3F3027E9D10300CA99DD /* ExploreViewController.swift in Sources */,
				ADEF3EF527E9CF8E00CA99DD /* SceneDelegate.swift in Sources */,
				ADE779E227EAA69300A19B48 /* ListViewController.swift in Sources */,
				ADE779E027EAA68800A19B48 /* SettingViewController.swift in Sources */,
			);
			runOnlyForDeploymentPostprocessing = 0;
		};
		ADEF3F0127E9CF9300CA99DD /* Sources */ = {
			isa = PBXSourcesBuildPhase;
			buildActionMask = 2147483647;
			files = (
				ADEF3F0A27E9CF9300CA99DD /* yorustagramTests.swift in Sources */,
			);
			runOnlyForDeploymentPostprocessing = 0;
		};
		ADEF3F0B27E9CF9300CA99DD /* Sources */ = {
			isa = PBXSourcesBuildPhase;
			buildActionMask = 2147483647;
			files = (
				ADEF3F1427E9CF9300CA99DD /* yorustagramUITests.swift in Sources */,
				ADEF3F1627E9CF9300CA99DD /* yorustagramUITestsLaunchTests.swift in Sources */,
			);
			runOnlyForDeploymentPostprocessing = 0;
		};
/* End PBXSourcesBuildPhase section */

/* Begin PBXTargetDependency section */
		ADEF3F0727E9CF9300CA99DD /* PBXTargetDependency */ = {
			isa = PBXTargetDependency;
			target = ADEF3EEE27E9CF8E00CA99DD /* yorustagram */;
			targetProxy = ADEF3F0627E9CF9300CA99DD /* PBXContainerItemProxy */;
		};
		ADEF3F1127E9CF9300CA99DD /* PBXTargetDependency */ = {
			isa = PBXTargetDependency;
			target = ADEF3EEE27E9CF8E00CA99DD /* yorustagram */;
			targetProxy = ADEF3F1027E9CF9300CA99DD /* PBXContainerItemProxy */;
		};
/* End PBXTargetDependency section */

/* Begin PBXVariantGroup section */
		ADEF3EF827E9CF8E00CA99DD /* Main.storyboard */ = {
			isa = PBXVariantGroup;
			children = (
				ADEF3EF927E9CF8E00CA99DD /* Base */,
			);
			name = Main.storyboard;
			sourceTree = "<group>";
		};
		ADEF3EFD27E9CF9200CA99DD /* LaunchScreen.storyboard */ = {
			isa = PBXVariantGroup;
			children = (
				ADEF3EFE27E9CF9200CA99DD /* Base */,
			);
			name = LaunchScreen.storyboard;
			sourceTree = "<group>";
		};
/* End PBXVariantGroup section */

/* Begin XCBuildConfiguration section */
		ADEF3F1727E9CF9300CA99DD /* Debug */ = {
			isa = XCBuildConfiguration;
			buildSettings = {
				ALWAYS_SEARCH_USER_PATHS = NO;
				CLANG_ANALYZER_NONNULL = YES;
				CLANG_ANALYZER_NUMBER_OBJECT_CONVERSION = YES_AGGRESSIVE;
				CLANG_CXX_LANGUAGE_STANDARD = "gnu++17";
				CLANG_CXX_LIBRARY = "libc++";
				CLANG_ENABLE_MODULES = YES;
				CLANG_ENABLE_OBJC_ARC = YES;
				CLANG_ENABLE_OBJC_WEAK = YES;
				CLANG_WARN_BLOCK_CAPTURE_AUTORELEASING = YES;
				CLANG_WARN_BOOL_CONVERSION = YES;
				CLANG_WARN_COMMA = YES;
				CLANG_WARN_CONSTANT_CONVERSION = YES;
				CLANG_WARN_DEPRECATED_OBJC_IMPLEMENTATIONS = YES;
				CLANG_WARN_DIRECT_OBJC_ISA_USAGE = YES_ERROR;
				CLANG_WARN_DOCUMENTATION_COMMENTS = YES;
				CLANG_WARN_EMPTY_BODY = YES;
				CLANG_WARN_ENUM_CONVERSION = YES;
				CLANG_WARN_INFINITE_RECURSION = YES;
				CLANG_WARN_INT_CONVERSION = YES;
				CLANG_WARN_NON_LITERAL_NULL_CONVERSION = YES;
				CLANG_WARN_OBJC_IMPLICIT_RETAIN_SELF = YES;
				CLANG_WARN_OBJC_LITERAL_CONVERSION = YES;
				CLANG_WARN_OBJC_ROOT_CLASS = YES_ERROR;
				CLANG_WARN_QUOTED_INCLUDE_IN_FRAMEWORK_HEADER = YES;
				CLANG_WARN_RANGE_LOOP_ANALYSIS = YES;
				CLANG_WARN_STRICT_PROTOTYPES = YES;
				CLANG_WARN_SUSPICIOUS_MOVE = YES;
				CLANG_WARN_UNGUARDED_AVAILABILITY = YES_AGGRESSIVE;
				CLANG_WARN_UNREACHABLE_CODE = YES;
				CLANG_WARN__DUPLICATE_METHOD_MATCH = YES;
				COPY_PHASE_STRIP = NO;
				DEBUG_INFORMATION_FORMAT = dwarf;
				ENABLE_STRICT_OBJC_MSGSEND = YES;
				ENABLE_TESTABILITY = YES;
				GCC_C_LANGUAGE_STANDARD = gnu11;
				GCC_DYNAMIC_NO_PIC = NO;
				GCC_NO_COMMON_BLOCKS = YES;
				GCC_OPTIMIZATION_LEVEL = 0;
				GCC_PREPROCESSOR_DEFINITIONS = (
					"DEBUG=1",
					"$(inherited)",
				);
				GCC_WARN_64_TO_32_BIT_CONVERSION = YES;
				GCC_WARN_ABOUT_RETURN_TYPE = YES_ERROR;
				GCC_WARN_UNDECLARED_SELECTOR = YES;
				GCC_WARN_UNINITIALIZED_AUTOS = YES_AGGRESSIVE;
				GCC_WARN_UNUSED_FUNCTION = YES;
				GCC_WARN_UNUSED_VARIABLE = YES;
				IPHONEOS_DEPLOYMENT_TARGET = 15.0;
				MTL_ENABLE_DEBUG_INFO = INCLUDE_SOURCE;
				MTL_FAST_MATH = YES;
				ONLY_ACTIVE_ARCH = YES;
				SDKROOT = iphoneos;
				SWIFT_ACTIVE_COMPILATION_CONDITIONS = DEBUG;
				SWIFT_OPTIMIZATION_LEVEL = "-Onone";
			};
			name = Debug;
		};
		ADEF3F1827E9CF9300CA99DD /* Release */ = {
			isa = XCBuildConfiguration;
			buildSettings = {
				ALWAYS_SEARCH_USER_PATHS = NO;
				CLANG_ANALYZER_NONNULL = YES;
				CLANG_ANALYZER_NUMBER_OBJECT_CONVERSION = YES_AGGRESSIVE;
				CLANG_CXX_LANGUAGE_STANDARD = "gnu++17";
				CLANG_CXX_LIBRARY = "libc++";
				CLANG_ENABLE_MODULES = YES;
				CLANG_ENABLE_OBJC_ARC = YES;
				CLANG_ENABLE_OBJC_WEAK = YES;
				CLANG_WARN_BLOCK_CAPTURE_AUTORELEASING = YES;
				CLANG_WARN_BOOL_CONVERSION = YES;
				CLANG_WARN_COMMA = YES;
				CLANG_WARN_CONSTANT_CONVERSION = YES;
				CLANG_WARN_DEPRECATED_OBJC_IMPLEMENTATIONS = YES;
				CLANG_WARN_DIRECT_OBJC_ISA_USAGE = YES_ERROR;
				CLANG_WARN_DOCUMENTATION_COMMENTS = YES;
				CLANG_WARN_EMPTY_BODY = YES;
				CLANG_WARN_ENUM_CONVERSION = YES;
				CLANG_WARN_INFINITE_RECURSION = YES;
				CLANG_WARN_INT_CONVERSION = YES;
				CLANG_WARN_NON_LITERAL_NULL_CONVERSION = YES;
				CLANG_WARN_OBJC_IMPLICIT_RETAIN_SELF = YES;
				CLANG_WARN_OBJC_LITERAL_CONVERSION = YES;
				CLANG_WARN_OBJC_ROOT_CLASS = YES_ERROR;
				CLANG_WARN_QUOTED_INCLUDE_IN_FRAMEWORK_HEADER = YES;
				CLANG_WARN_RANGE_LOOP_ANALYSIS = YES;
				CLANG_WARN_STRICT_PROTOTYPES = YES;
				CLANG_WARN_SUSPICIOUS_MOVE = YES;
				CLANG_WARN_UNGUARDED_AVAILABILITY = YES_AGGRESSIVE;
				CLANG_WARN_UNREACHABLE_CODE = YES;
				CLANG_WARN__DUPLICATE_METHOD_MATCH = YES;
				COPY_PHASE_STRIP = NO;
				DEBUG_INFORMATION_FORMAT = "dwarf-with-dsym";
				ENABLE_NS_ASSERTIONS = NO;
				ENABLE_STRICT_OBJC_MSGSEND = YES;
				GCC_C_LANGUAGE_STANDARD = gnu11;
				GCC_NO_COMMON_BLOCKS = YES;
				GCC_WARN_64_TO_32_BIT_CONVERSION = YES;
				GCC_WARN_ABOUT_RETURN_TYPE = YES_ERROR;
				GCC_WARN_UNDECLARED_SELECTOR = YES;
				GCC_WARN_UNINITIALIZED_AUTOS = YES_AGGRESSIVE;
				GCC_WARN_UNUSED_FUNCTION = YES;
				GCC_WARN_UNUSED_VARIABLE = YES;
				IPHONEOS_DEPLOYMENT_TARGET = 15.0;
				MTL_ENABLE_DEBUG_INFO = NO;
				MTL_FAST_MATH = YES;
				SDKROOT = iphoneos;
				SWIFT_COMPILATION_MODE = wholemodule;
				SWIFT_OPTIMIZATION_LEVEL = "-O";
				VALIDATE_PRODUCT = YES;
			};
			name = Release;
		};
		ADEF3F1A27E9CF9300CA99DD /* Debug */ = {
			isa = XCBuildConfiguration;
			baseConfigurationReference = 6CD9FC62BB1969F2B41A9521 /* Pods-yorustagram.debug.xcconfig */;
			buildSettings = {
				ASSETCATALOG_COMPILER_APPICON_NAME = AppIcon;
				ASSETCATALOG_COMPILER_GLOBAL_ACCENT_COLOR_NAME = AccentColor;
				CODE_SIGN_STYLE = Automatic;
				CURRENT_PROJECT_VERSION = 1;
				DEVELOPMENT_TEAM = 3JK9365834;
				GENERATE_INFOPLIST_FILE = YES;
				INFOPLIST_FILE = yorustagram/Info.plist;
				INFOPLIST_KEY_UIApplicationSupportsIndirectInputEvents = YES;
				INFOPLIST_KEY_UILaunchStoryboardName = LaunchScreen;
				INFOPLIST_KEY_UIMainStoryboardFile = Main;
				INFOPLIST_KEY_UISupportedInterfaceOrientations_iPad = "UIInterfaceOrientationPortrait UIInterfaceOrientationPortraitUpsideDown UIInterfaceOrientationLandscapeLeft UIInterfaceOrientationLandscapeRight";
				INFOPLIST_KEY_UISupportedInterfaceOrientations_iPhone = "UIInterfaceOrientationPortrait UIInterfaceOrientationLandscapeLeft UIInterfaceOrientationLandscapeRight";
				LD_RUNPATH_SEARCH_PATHS = (
					"$(inherited)",
					"@executable_path/Frameworks",
				);
				MARKETING_VERSION = 1.0;
				PRODUCT_BUNDLE_IDENTIFIER = yorucha.yorustagram;
				PRODUCT_NAME = "$(TARGET_NAME)";
				SWIFT_EMIT_LOC_STRINGS = YES;
				SWIFT_VERSION = 5.0;
				TARGETED_DEVICE_FAMILY = "1,2";
			};
			name = Debug;
		};
		ADEF3F1B27E9CF9300CA99DD /* Release */ = {
			isa = XCBuildConfiguration;
			baseConfigurationReference = 5713719423FBE9DFCB510434 /* Pods-yorustagram.release.xcconfig */;
			buildSettings = {
				ASSETCATALOG_COMPILER_APPICON_NAME = AppIcon;
				ASSETCATALOG_COMPILER_GLOBAL_ACCENT_COLOR_NAME = AccentColor;
				CODE_SIGN_STYLE = Automatic;
				CURRENT_PROJECT_VERSION = 1;
				DEVELOPMENT_TEAM = 3JK9365834;
				GENERATE_INFOPLIST_FILE = YES;
				INFOPLIST_FILE = yorustagram/Info.plist;
				INFOPLIST_KEY_UIApplicationSupportsIndirectInputEvents = YES;
				INFOPLIST_KEY_UILaunchStoryboardName = LaunchScreen;
				INFOPLIST_KEY_UIMainStoryboardFile = Main;
				INFOPLIST_KEY_UISupportedInterfaceOrientations_iPad = "UIInterfaceOrientationPortrait UIInterfaceOrientationPortraitUpsideDown UIInterfaceOrientationLandscapeLeft UIInterfaceOrientationLandscapeRight";
				INFOPLIST_KEY_UISupportedInterfaceOrientations_iPhone = "UIInterfaceOrientationPortrait UIInterfaceOrientationLandscapeLeft UIInterfaceOrientationLandscapeRight";
				LD_RUNPATH_SEARCH_PATHS = (
					"$(inherited)",
					"@executable_path/Frameworks",
				);
				MARKETING_VERSION = 1.0;
				PRODUCT_BUNDLE_IDENTIFIER = yorucha.yorustagram;
				PRODUCT_NAME = "$(TARGET_NAME)";
				SWIFT_EMIT_LOC_STRINGS = YES;
				SWIFT_VERSION = 5.0;
				TARGETED_DEVICE_FAMILY = "1,2";
			};
			name = Release;
		};
		ADEF3F1D27E9CF9300CA99DD /* Debug */ = {
			isa = XCBuildConfiguration;
			baseConfigurationReference = 42530298E7C24676723D0115 /* Pods-yorustagramTests.debug.xcconfig */;
			buildSettings = {
				ALWAYS_EMBED_SWIFT_STANDARD_LIBRARIES = YES;
				BUNDLE_LOADER = "$(TEST_HOST)";
				CODE_SIGN_STYLE = Automatic;
				CURRENT_PROJECT_VERSION = 1;
				DEVELOPMENT_TEAM = 3JK9365834;
				GENERATE_INFOPLIST_FILE = YES;
				IPHONEOS_DEPLOYMENT_TARGET = 15.0;
				LD_RUNPATH_SEARCH_PATHS = (
					"$(inherited)",
					"@executable_path/Frameworks",
					"@loader_path/Frameworks",
				);
				MARKETING_VERSION = 1.0;
				PRODUCT_BUNDLE_IDENTIFIER = yorucha.yorustagramTests;
				PRODUCT_NAME = "$(TARGET_NAME)";
				SWIFT_EMIT_LOC_STRINGS = NO;
				SWIFT_VERSION = 5.0;
				TARGETED_DEVICE_FAMILY = "1,2";
				TEST_HOST = "$(BUILT_PRODUCTS_DIR)/yorustagram.app/yorustagram";
			};
			name = Debug;
		};
		ADEF3F1E27E9CF9300CA99DD /* Release */ = {
			isa = XCBuildConfiguration;
			baseConfigurationReference = 418C7DFBCE8F4E9D9FC8872C /* Pods-yorustagramTests.release.xcconfig */;
			buildSettings = {
				ALWAYS_EMBED_SWIFT_STANDARD_LIBRARIES = YES;
				BUNDLE_LOADER = "$(TEST_HOST)";
				CODE_SIGN_STYLE = Automatic;
				CURRENT_PROJECT_VERSION = 1;
				DEVELOPMENT_TEAM = 3JK9365834;
				GENERATE_INFOPLIST_FILE = YES;
				IPHONEOS_DEPLOYMENT_TARGET = 15.0;
				LD_RUNPATH_SEARCH_PATHS = (
					"$(inherited)",
					"@executable_path/Frameworks",
					"@loader_path/Frameworks",
				);
				MARKETING_VERSION = 1.0;
				PRODUCT_BUNDLE_IDENTIFIER = yorucha.yorustagramTests;
				PRODUCT_NAME = "$(TARGET_NAME)";
				SWIFT_EMIT_LOC_STRINGS = NO;
				SWIFT_VERSION = 5.0;
				TARGETED_DEVICE_FAMILY = "1,2";
				TEST_HOST = "$(BUILT_PRODUCTS_DIR)/yorustagram.app/yorustagram";
			};
			name = Release;
		};
		ADEF3F2027E9CF9300CA99DD /* Debug */ = {
			isa = XCBuildConfiguration;
			baseConfigurationReference = BADB9A33AEE90999C9AE8D90 /* Pods-yorustagram-yorustagramUITests.debug.xcconfig */;
			buildSettings = {
				ALWAYS_EMBED_SWIFT_STANDARD_LIBRARIES = YES;
				CODE_SIGN_STYLE = Automatic;
				CURRENT_PROJECT_VERSION = 1;
				DEVELOPMENT_TEAM = 3JK9365834;
				GENERATE_INFOPLIST_FILE = YES;
				LD_RUNPATH_SEARCH_PATHS = (
					"$(inherited)",
					"@executable_path/Frameworks",
					"@loader_path/Frameworks",
				);
				MARKETING_VERSION = 1.0;
				PRODUCT_BUNDLE_IDENTIFIER = yorucha.yorustagramUITests;
				PRODUCT_NAME = "$(TARGET_NAME)";
				SWIFT_EMIT_LOC_STRINGS = NO;
				SWIFT_VERSION = 5.0;
				TARGETED_DEVICE_FAMILY = "1,2";
				TEST_TARGET_NAME = yorustagram;
			};
			name = Debug;
		};
		ADEF3F2127E9CF9300CA99DD /* Release */ = {
			isa = XCBuildConfiguration;
			baseConfigurationReference = 27DBAA866AAECA247CD7BF11 /* Pods-yorustagram-yorustagramUITests.release.xcconfig */;
			buildSettings = {
				ALWAYS_EMBED_SWIFT_STANDARD_LIBRARIES = YES;
				CODE_SIGN_STYLE = Automatic;
				CURRENT_PROJECT_VERSION = 1;
				DEVELOPMENT_TEAM = 3JK9365834;
				GENERATE_INFOPLIST_FILE = YES;
				LD_RUNPATH_SEARCH_PATHS = (
					"$(inherited)",
					"@executable_path/Frameworks",
					"@loader_path/Frameworks",
				);
				MARKETING_VERSION = 1.0;
				PRODUCT_BUNDLE_IDENTIFIER = yorucha.yorustagramUITests;
				PRODUCT_NAME = "$(TARGET_NAME)";
				SWIFT_EMIT_LOC_STRINGS = NO;
				SWIFT_VERSION = 5.0;
				TARGETED_DEVICE_FAMILY = "1,2";
				TEST_TARGET_NAME = yorustagram;
			};
			name = Release;
		};
/* End XCBuildConfiguration section */

/* Begin XCConfigurationList section */
		ADEF3EEA27E9CF8E00CA99DD /* Build configuration list for PBXProject "yorustagram" */ = {
			isa = XCConfigurationList;
			buildConfigurations = (
				ADEF3F1727E9CF9300CA99DD /* Debug */,
				ADEF3F1827E9CF9300CA99DD /* Release */,
			);
			defaultConfigurationIsVisible = 0;
			defaultConfigurationName = Release;
		};
		ADEF3F1927E9CF9300CA99DD /* Build configuration list for PBXNativeTarget "yorustagram" */ = {
			isa = XCConfigurationList;
			buildConfigurations = (
				ADEF3F1A27E9CF9300CA99DD /* Debug */,
				ADEF3F1B27E9CF9300CA99DD /* Release */,
			);
			defaultConfigurationIsVisible = 0;
			defaultConfigurationName = Release;
		};
		ADEF3F1C27E9CF9300CA99DD /* Build configuration list for PBXNativeTarget "yorustagramTests" */ = {
			isa = XCConfigurationList;
			buildConfigurations = (
				ADEF3F1D27E9CF9300CA99DD /* Debug */,
				ADEF3F1E27E9CF9300CA99DD /* Release */,
			);
			defaultConfigurationIsVisible = 0;
			defaultConfigurationName = Release;
		};
		ADEF3F1F27E9CF9300CA99DD /* Build configuration list for PBXNativeTarget "yorustagramUITests" */ = {
			isa = XCConfigurationList;
			buildConfigurations = (
				ADEF3F2027E9CF9300CA99DD /* Debug */,
				ADEF3F2127E9CF9300CA99DD /* Release */,
			);
			defaultConfigurationIsVisible = 0;
			defaultConfigurationName = Release;
		};
/* End XCConfigurationList section */
	};
	rootObject = ADEF3EE727E9CF8E00CA99DD /* Project object */;
}
